<?xml version="1.0" encoding="utf-8"?>
<Project xmlns="http://schemas.microsoft.com/developer/msbuild/2003">
  <ItemGroup>
    <Filter Include="Generated Files">
      <UniqueIdentifier>{71ED8ED8-ACB9-4CE9-BBE1-E00B30144E11}</UniqueIdentifier>
      <Extensions>cpp;c;cxx;moc;h;def;odl;idl;res;</Extensions>
    </Filter>
    <Filter Include="Generated Files">
      <UniqueIdentifier>{71ED8ED8-ACB9-4CE9-BBE1-E00B30144E11}</UniqueIdentifier>
      <Extensions>cpp;c;cxx;moc;h;def;odl;idl;res;</Extensions>
    </Filter>
    <Filter Include="Header Files">
      <UniqueIdentifier>{93995380-89BD-4b04-88EB-625FBE52EBFB}</UniqueIdentifier>
      <Extensions>h;hpp;hxx;hm;inl;inc;xsd</Extensions>
    </Filter>
    <Filter Include="Header Files">
      <UniqueIdentifier>{93995380-89BD-4b04-88EB-625FBE52EBFB}</UniqueIdentifier>
      <Extensions>h;hpp;hxx;hm;inl;inc;xsd</Extensions>
    </Filter>
    <Filter Include="Source Files">
      <UniqueIdentifier>{4FC737F1-C7A5-4376-A066-2A32D752A2FF}</UniqueIdentifier>
      <Extensions>cpp;c;cxx;def;odl;idl;hpj;bat;asm;asmx</Extensions>
    </Filter>
    <Filter Include="Source Files">
      <UniqueIdentifier>{4FC737F1-C7A5-4376-A066-2A32D752A2FF}</UniqueIdentifier>
      <Extensions>cpp;c;cxx;def;odl;idl;hpj;bat;asm;asmx</Extensions>
    </Filter>
    <Filter Include="Translation Files">
      <UniqueIdentifier>{639EADAA-A684-42e4-A9AD-28FC9BCB8F7C}</UniqueIdentifier>
      <Extensions>ts;xlf</Extensions>
      <ParseFiles>false</ParseFiles>
    </Filter>
    <Filter Include="Translation Files">
      <UniqueIdentifier>{639EADAA-A684-42e4-A9AD-28FC9BCB8F7C}</UniqueIdentifier>
      <Extensions>ts;xlf</Extensions>
      <ParseFiles>false</ParseFiles>
    </Filter>
  </ItemGroup>
  <ItemGroup>
    <ClCompile Include="SunnyApiRouter.cpp">
      <Filter>Source Files</Filter>
    </ClCompile>
    <ClCompile Include="model\SunnyTcsAgvModel.cpp">
      <Filter>Source Files</Filter>
    </ClCompile>
    <ClCompile Include="controller\SunnyTcsApiAgvController.cpp">
      <Filter>Source Files</Filter>
    </ClCompile>
    <ClCompile Include="controller\SunnyTcsApiMapController.cpp">
      <Filter>Source Files</Filter>
    </ClCompile>
    <ClCompile Include="model\SunnyTcsApiMapModel.cpp">
      <Filter>Source Files</Filter>
    </ClCompile>
    <ClCompile Include="SunnyTcsApiMessageCenter.cpp">
      <Filter>Source Files</Filter>
    </ClCompile>
    <ClCompile Include="controller\SunnyTcsApiOrderController.cpp">
      <Filter>Source Files</Filter>
    </ClCompile>
    <ClCompile Include="model\SunnyTcsOrderModel.cpp">
      <Filter>Source Files</Filter>
    </ClCompile>
    <ClCompile Include="global.cpp">
      <Filter>Source Files</Filter>
    </ClCompile>
    <ClCompile Include="..\third_party\QtWebApp\QtWebApp\httpserver\httpconnectionhandler.cpp">
      <Filter>Source Files</Filter>
    </ClCompile>
    <ClCompile Include="..\third_party\QtWebApp\QtWebApp\httpserver\httpconnectionhandlerpool.cpp">
      <Filter>Source Files</Filter>
    </ClCompile>
    <ClCompile Include="..\third_party\QtWebApp\QtWebApp\httpserver\httpcookie.cpp">
      <Filter>Source Files</Filter>
    </ClCompile>
    <ClCompile Include="..\third_party\QtWebApp\QtWebApp\httpserver\httpglobal.cpp">
      <Filter>Source Files</Filter>
    </ClCompile>
    <ClCompile Include="..\third_party\QtWebApp\QtWebApp\httpserver\httplistener.cpp">
      <Filter>Source Files</Filter>
    </ClCompile>
    <ClCompile Include="..\third_party\QtWebApp\QtWebApp\httpserver\httprequest.cpp">
      <Filter>Source Files</Filter>
    </ClCompile>
    <ClCompile Include="..\third_party\QtWebApp\QtWebApp\httpserver\httprequesthandler.cpp">
      <Filter>Source Files</Filter>
    </ClCompile>
    <ClCompile Include="..\third_party\QtWebApp\QtWebApp\httpserver\httpresponse.cpp">
      <Filter>Source Files</Filter>
    </ClCompile>
    <ClCompile Include="..\third_party\QtWebApp\QtWebApp\httpserver\httpsession.cpp">
      <Filter>Source Files</Filter>
    </ClCompile>
    <ClCompile Include="..\third_party\QtWebApp\QtWebApp\httpserver\httpsessionstore.cpp">
      <Filter>Source Files</Filter>
    </ClCompile>
    <ClCompile Include="main.cpp">
      <Filter>Source Files</Filter>
    </ClCompile>
    <ClCompile Include="..\third_party\QtWebApp\QtWebApp\httpserver\staticfilecontroller.cpp">
      <Filter>Source Files</Filter>
    </ClCompile>
    <ClCompile Include="..\third_party\QtWebApp\QtWebApp\templateengine\template.cpp">
      <Filter>Source Files</Filter>
    </ClCompile>
    <ClCompile Include="..\third_party\QtWebApp\QtWebApp\templateengine\templatecache.cpp">
      <Filter>Source Files</Filter>
    </ClCompile>
    <ClCompile Include="..\third_party\QtWebApp\QtWebApp\templateengine\templateloader.cpp">
      <Filter>Source Files</Filter>
    </ClCompile>
  </ItemGroup>
  <ItemGroup>
    <CustomBuild Include="SunnyApiRouter.h">
      <Filter>Header Files</Filter>
    </CustomBuild>
    <CustomBuild Include="model\SunnyTcsAgvModel.h">
      <Filter>Header Files</Filter>
    </CustomBuild>
    <CustomBuild Include="controller\SunnyTcsApiAgvController.h">
      <Filter>Header Files</Filter>
    </CustomBuild>
    <CustomBuild Include="controller\SunnyTcsApiMapController.h">
      <Filter>Header Files</Filter>
    </CustomBuild>
    <CustomBuild Include="model\SunnyTcsApiMapModel.h">
      <Filter>Header Files</Filter>
    </CustomBuild>
    <CustomBuild Include="SunnyTcsApiMessageCenter.h">
      <Filter>Header Files</Filter>
    </CustomBuild>
    <CustomBuild Include="controller\SunnyTcsApiOrderController.h">
      <Filter>Header Files</Filter>
    </CustomBuild>
    <CustomBuild Include="model\SunnyTcsOrderModel.h">
      <Filter>Header Files</Filter>
    </CustomBuild>
    <ClInclude Include="global.h">
      <Filter>Header Files</Filter>
    </ClInclude>
    <CustomBuild Include="..\third_party\QtWebApp\QtWebApp\httpserver\httpconnectionhandler.h">
      <Filter>Header Files</Filter>
    </CustomBuild>
    <CustomBuild Include="..\third_party\QtWebApp\QtWebApp\httpserver\httpconnectionhandlerpool.h">
      <Filter>Header Files</Filter>
    </CustomBuild>
    <ClInclude Include="..\third_party\QtWebApp\QtWebApp\httpserver\httpcookie.h">
      <Filter>Header Files</Filter>
    </ClInclude>
    <ClInclude Include="..\third_party\QtWebApp\QtWebApp\httpserver\httpglobal.h">
      <Filter>Header Files</Filter>
    </ClInclude>
    <CustomBuild Include="..\third_party\QtWebApp\QtWebApp\httpserver\httplistener.h">
      <Filter>Header Files</Filter>
    </CustomBuild>
    <ClInclude Include="..\third_party\QtWebApp\QtWebApp\httpserver\httprequest.h">
      <Filter>Header Files</Filter>
    </ClInclude>
    <CustomBuild Include="..\third_party\QtWebApp\QtWebApp\httpserver\httprequesthandler.h">
      <Filter>Header Files</Filter>
    </CustomBuild>
    <ClInclude Include="..\third_party\QtWebApp\QtWebApp\httpserver\httpresponse.h">
      <Filter>Header Files</Filter>
    </ClInclude>
    <ClInclude Include="..\third_party\QtWebApp\QtWebApp\httpserver\httpsession.h">
      <Filter>Header Files</Filter>
    </ClInclude>
    <CustomBuild Include="..\third_party\QtWebApp\QtWebApp\httpserver\httpsessionstore.h">
      <Filter>Header Files</Filter>
    </CustomBuild>
    <CustomBuild Include="..\third_party\QtWebApp\QtWebApp\httpserver\staticfilecontroller.h">
      <Filter>Header Files</Filter>
    </CustomBuild>
    <ClInclude Include="..\third_party\QtWebApp\QtWebApp\templateengine\template.h">
      <Filter>Header Files</Filter>
    </ClInclude>
    <CustomBuild Include="..\third_party\QtWebApp\QtWebApp\templateengine\templatecache.h">
      <Filter>Header Files</Filter>
    </CustomBuild>
    <ClInclude Include="..\third_party\QtWebApp\QtWebApp\templateengine\templateglobal.h">
      <Filter>Header Files</Filter>
    </ClInclude>
    <CustomBuild Include="..\third_party\QtWebApp\QtWebApp\templateengine\templateloader.h">
      <Filter>Header Files</Filter>
    </CustomBuild>
  </ItemGroup>
  <ItemGroup>
    <ClCompile Include="..\build\intermediate\debug\SunnyTcsApid\moc\moc_SunnyApiRouter.cpp">
      <Filter>Generated Files</Filter>
    </ClCompile>
    <ClCompile Include="..\build\intermediate\release\SunnyTcsApi\moc\moc_SunnyApiRouter.cpp">
      <Filter>Generated Files</Filter>
    </ClCompile>
    <ClCompile Include="..\build\intermediate\debug\SunnyTcsApid\moc\moc_SunnyTcsAgvModel.cpp">
      <Filter>Generated Files</Filter>
    </ClCompile>
    <ClCompile Include="..\build\intermediate\release\SunnyTcsApi\moc\moc_SunnyTcsAgvModel.cpp">
      <Filter>Generated Files</Filter>
    </ClCompile>
    <ClCompile Include="..\build\intermediate\debug\SunnyTcsApid\moc\moc_SunnyTcsApiAgvController.cpp">
      <Filter>Generated Files</Filter>
    </ClCompile>
    <ClCompile Include="..\build\intermediate\release\SunnyTcsApi\moc\moc_SunnyTcsApiAgvController.cpp">
      <Filter>Generated Files</Filter>
    </ClCompile>
    <ClCompile Include="..\build\intermediate\debug\SunnyTcsApid\moc\moc_SunnyTcsApiMapController.cpp">
      <Filter>Generated Files</Filter>
    </ClCompile>
    <ClCompile Include="..\build\intermediate\release\SunnyTcsApi\moc\moc_SunnyTcsApiMapController.cpp">
      <Filter>Generated Files</Filter>
    </ClCompile>
    <ClCompile Include="..\build\intermediate\debug\SunnyTcsApid\moc\moc_SunnyTcsApiMapModel.cpp">
      <Filter>Generated Files</Filter>
    </ClCompile>
    <ClCompile Include="..\build\intermediate\release\SunnyTcsApi\moc\moc_SunnyTcsApiMapModel.cpp">
      <Filter>Generated Files</Filter>
    </ClCompile>
    <ClCompile Include="..\build\intermediate\debug\SunnyTcsApid\moc\moc_SunnyTcsApiMessageCenter.cpp">
      <Filter>Generated Files</Filter>
    </ClCompile>
    <ClCompile Include="..\build\intermediate\release\SunnyTcsApi\moc\moc_SunnyTcsApiMessageCenter.cpp">
      <Filter>Generated Files</Filter>
    </ClCompile>
    <ClCompile Include="..\build\intermediate\debug\SunnyTcsApid\moc\moc_SunnyTcsApiOrderController.cpp">
      <Filter>Generated Files</Filter>
    </ClCompile>
    <ClCompile Include="..\build\intermediate\release\SunnyTcsApi\moc\moc_SunnyTcsApiOrderController.cpp">
      <Filter>Generated Files</Filter>
    </ClCompile>
    <ClCompile Include="..\build\intermediate\debug\SunnyTcsApid\moc\moc_SunnyTcsOrderModel.cpp">
      <Filter>Generated Files</Filter>
    </ClCompile>
    <ClCompile Include="..\build\intermediate\release\SunnyTcsApi\moc\moc_SunnyTcsOrderModel.cpp">
      <Filter>Generated Files</Filter>
    </ClCompile>
    <ClCompile Include="..\build\intermediate\debug\SunnyTcsApid\moc\moc_httpconnectionhandler.cpp">
      <Filter>Generated Files</Filter>
    </ClCompile>
    <ClCompile Include="..\build\intermediate\release\SunnyTcsApi\moc\moc_httpconnectionhandler.cpp">
      <Filter>Generated Files</Filter>
    </ClCompile>
    <ClCompile Include="..\build\intermediate\debug\SunnyTcsApid\moc\moc_httpconnectionhandlerpool.cpp">
      <Filter>Generated Files</Filter>
    </ClCompile>
    <ClCompile Include="..\build\intermediate\release\SunnyTcsApi\moc\moc_httpconnectionhandlerpool.cpp">
      <Filter>Generated Files</Filter>
    </ClCompile>
    <ClCompile Include="..\build\intermediate\debug\SunnyTcsApid\moc\moc_httplistener.cpp">
      <Filter>Generated Files</Filter>
    </ClCompile>
    <ClCompile Include="..\build\intermediate\release\SunnyTcsApi\moc\moc_httplistener.cpp">
      <Filter>Generated Files</Filter>
    </ClCompile>
    <ClCompile Include="..\build\intermediate\debug\SunnyTcsApid\moc\moc_httprequesthandler.cpp">
      <Filter>Generated Files</Filter>
    </ClCompile>
    <ClCompile Include="..\build\intermediate\release\SunnyTcsApi\moc\moc_httprequesthandler.cpp">
      <Filter>Generated Files</Filter>
    </ClCompile>
    <ClCompile Include="..\build\intermediate\debug\SunnyTcsApid\moc\moc_httpsessionstore.cpp">
      <Filter>Generated Files</Filter>
    </ClCompile>
    <ClCompile Include="..\build\intermediate\release\SunnyTcsApi\moc\moc_httpsessionstore.cpp">
      <Filter>Generated Files</Filter>
    </ClCompile>
    <CustomBuild Include="..\build\intermediate\debug\SunnyTcsApid\moc\moc_predefs.h.cbt">
      <Filter>Generated Files</Filter>
    </CustomBuild>
    <CustomBuild Include="..\build\intermediate\release\SunnyTcsApi\moc\moc_predefs.h.cbt">
      <Filter>Generated Files</Filter>
    </CustomBuild>
    <ClCompile Include="..\build\intermediate\debug\SunnyTcsApid\moc\moc_staticfilecontroller.cpp">
      <Filter>Generated Files</Filter>
    </ClCompile>
    <ClCompile Include="..\build\intermediate\release\SunnyTcsApi\moc\moc_staticfilecontroller.cpp">
      <Filter>Generated Files</Filter>
    </ClCompile>
    <ClCompile Include="..\build\intermediate\debug\SunnyTcsApid\moc\moc_templatecache.cpp">
      <Filter>Generated Files</Filter>
    </ClCompile>
    <ClCompile Include="..\build\intermediate\release\SunnyTcsApi\moc\moc_templatecache.cpp">
      <Filter>Generated Files</Filter>
    </ClCompile>
    <ClCompile Include="..\build\intermediate\debug\SunnyTcsApid\moc\moc_templateloader.cpp">
      <Filter>Generated Files</Filter>
    </ClCompile>
    <ClCompile Include="..\build\intermediate\release\SunnyTcsApi\moc\moc_templateloader.cpp">
      <Filter>Generated Files</Filter>
    </ClCompile>
  </ItemGroup>
  <ItemGroup>
    <None Include="translator\VideoAnalysisClient_EN.ts">
      <Filter>Translation Files</Filter>
    </None>
    <None Include="translator\VideoAnalysisClient_zh_CN.ts">
      <Filter>Translation Files</Filter>
    </None>
  </ItemGroup>
</Project>